
Microsoft Visual Studio Solution File, Format Version 12.00
# Visual Studio Version 16
VisualStudioVersion = 16.0.35425.106
MinimumVisualStudioVersion = 10.0.40219.1
Project("{888888A0-9F3D-457C-B088-3A5042F75D52}") = "Lab_5", "Lab_5\Lab_5.pyproj", "{1F7D4B35-A165-4239-BD64-7834D821294A}"
EndProject
Global
	GlobalSection(SolutionConfigurationPlatforms) = preSolution
		Debug|Any CPU = Debug|Any CPU
		Release|Any CPU = Release|Any CPU
	EndGlobalSection
	GlobalSection(ProjectConfigurationPlatforms) = postSolution
		{1F7D4B35-A165-4239-BD64-7834D821294A}.Debug|Any CPU.ActiveCfg = Debug|Any CPU
		{1F7D4B35-A165-4239-BD64-7834D821294A}.Release|Any CPU.ActiveCfg = Release|Any CPU
	EndGlobalSection
	GlobalSection(SolutionProperties) = preSolution
		HideSolutionNode = FALSE
	EndGlobalSection
	GlobalSection(ExtensibilityGlobals) = postSolution
		SolutionGuid = {D27C7EBF-CD44-4BBF-BBD4-08EA5AEF68DB}
	EndGlobalSection
EndGlobal
